
Microsoft Visual Studio Solution File, Format Version 12.00
# Visual Studio Version 17
VisualStudioVersion = 17.3.32811.315
MinimumVisualStudioVersion = 10.0.40219.1
Project("{FAE04EC0-301F-11D3-BF4B-00C04F79EFBC}") = "ProductReviewUsingLINQ", "ProductReviewUsingLINQ.csproj", "{63BD22CE-61EF-47B4-81D9-0738C01496F0}"
EndProject
Global
	GlobalSection(SolutionConfigurationPlatforms) = preSolution
		Debug|Any CPU = Debug|Any CPU
		Release|Any CPU = Release|Any CPU
	EndGlobalSection
	GlobalSection(ProjectConfigurationPlatforms) = postSolution
		{63BD22CE-61EF-47B4-81D9-0738C01496F0}.Debug|Any CPU.ActiveCfg = Debug|Any CPU
		{63BD22CE-61EF-47B4-81D9-0738C01496F0}.Debug|Any CPU.Build.0 = Debug|Any CPU
		{63BD22CE-61EF-47B4-81D9-0738C01496F0}.Release|Any CPU.ActiveCfg = Release|Any CPU
		{63BD22CE-61EF-47B4-81D9-0738C01496F0}.Release|Any CPU.Build.0 = Release|Any CPU
	EndGlobalSection
	GlobalSection(SolutionProperties) = preSolution
		HideSolutionNode = FALSE
	EndGlobalSection
	GlobalSection(ExtensibilityGlobals) = postSolution
		SolutionGuid = {31269A6A-AAE9-49DA-8C4B-F728C20DED38}
	EndGlobalSection
EndGlobal
